
Microsoft Visual Studio Solution File, Format Version 12.00
# Visual Studio Version 17
VisualStudioVersion = 17.9.34701.34
MinimumVisualStudioVersion = 10.0.40219.1
Project("{9A19103F-16F7-4668-BE54-9A1E7A4F7556}") = "vaerenberg.com", "src\vaerenberg.com\vaerenberg.com.csproj", "{8627E547-DCC3-4AAC-BCFE-2A64C36C7CDA}"
EndProject
Project("{9A19103F-16F7-4668-BE54-9A1E7A4F7556}") = "vaerenberg.tests", "test\vaerenberg.tests\vaerenberg.tests.csproj", "{F10AF059-74B9-4CC1-B6BE-086DD4FE16FC}"
EndProject
Project("{2150E333-8FDC-42A3-9474-1A3956D46DE8}") = "Global", "Global", "{459449DA-1B95-4C10-A608-ECE22AE21F16}"
	ProjectSection(SolutionItems) = preProject
		.github\workflows\build-deploy.yml = .github\workflows\build-deploy.yml
		README.md = README.md
	EndProjectSection
EndProject
Global
	GlobalSection(SolutionConfigurationPlatforms) = preSolution
		Debug|Any CPU = Debug|Any CPU
		Release|Any CPU = Release|Any CPU
	EndGlobalSection
	GlobalSection(ProjectConfigurationPlatforms) = postSolution
		{8627E547-DCC3-4AAC-BCFE-2A64C36C7CDA}.Debug|Any CPU.ActiveCfg = Debug|Any CPU
		{8627E547-DCC3-4AAC-BCFE-2A64C36C7CDA}.Debug|Any CPU.Build.0 = Debug|Any CPU
		{8627E547-DCC3-4AAC-BCFE-2A64C36C7CDA}.Release|Any CPU.ActiveCfg = Release|Any CPU
		{8627E547-DCC3-4AAC-BCFE-2A64C36C7CDA}.Release|Any CPU.Build.0 = Release|Any CPU
		{F10AF059-74B9-4CC1-B6BE-086DD4FE16FC}.Debug|Any CPU.ActiveCfg = Debug|Any CPU
		{F10AF059-74B9-4CC1-B6BE-086DD4FE16FC}.Debug|Any CPU.Build.0 = Debug|Any CPU
		{F10AF059-74B9-4CC1-B6BE-086DD4FE16FC}.Release|Any CPU.ActiveCfg = Release|Any CPU
		{F10AF059-74B9-4CC1-B6BE-086DD4FE16FC}.Release|Any CPU.Build.0 = Release|Any CPU
	EndGlobalSection
	GlobalSection(SolutionProperties) = preSolution
		HideSolutionNode = FALSE
	EndGlobalSection
	GlobalSection(ExtensibilityGlobals) = postSolution
		SolutionGuid = {9ED9A277-2BAC-45BD-96F6-4B210487FE99}
	EndGlobalSection
EndGlobal
